
Microsoft Visual Studio Solution File, Format Version 12.00
# Visual Studio Version 17
VisualStudioVersion = 17.3.32929.385
MinimumVisualStudioVersion = 10.0.40219.1
Project("{9A19103F-16F7-4668-BE54-9A1E7A4F7556}") = "Megumin.AI", "Megumin.AI\Megumin.AI.csproj", "{F9D4185C-E615-430B-845C-9E2C99AB2A61}"
EndProject
Global
	GlobalSection(SolutionConfigurationPlatforms) = preSolution
		Debug|Any CPU = Debug|Any CPU
		Release|Any CPU = Release|Any CPU
	EndGlobalSection
	GlobalSection(ProjectConfigurationPlatforms) = postSolution
		{F9D4185C-E615-430B-845C-9E2C99AB2A61}.Debug|Any CPU.ActiveCfg = Debug|Any CPU
		{F9D4185C-E615-430B-845C-9E2C99AB2A61}.Debug|Any CPU.Build.0 = Debug|Any CPU
		{F9D4185C-E615-430B-845C-9E2C99AB2A61}.Release|Any CPU.ActiveCfg = Release|Any CPU
		{F9D4185C-E615-430B-845C-9E2C99AB2A61}.Release|Any CPU.Build.0 = Release|Any CPU
	EndGlobalSection
	GlobalSection(SolutionProperties) = preSolution
		HideSolutionNode = FALSE
	EndGlobalSection
	GlobalSection(ExtensibilityGlobals) = postSolution
		SolutionGuid = {D2E2359F-C66F-4A5C-8FB5-50F6C2433AB3}
	EndGlobalSection
EndGlobal
